
Microsoft Visual Studio Solution File, Format Version 12.00
# Visual Studio Version 16
VisualStudioVersion = 16.0.30907.101
MinimumVisualStudioVersion = 10.0.40219.1
Project("{FAE04EC0-301F-11D3-BF4B-00C04F79EFBC}") = "Dictionary", "Dictionary\Dictionary.csproj", "{2D7DC687-33DF-4637-8C39-15379CCBA8DC}"
EndProject
Global
	GlobalSection(SolutionConfigurationPlatforms) = preSolution
		Debug|Any CPU = Debug|Any CPU
		Release|Any CPU = Release|Any CPU
	EndGlobalSection
	GlobalSection(ProjectConfigurationPlatforms) = postSolution
		{2D7DC687-33DF-4637-8C39-15379CCBA8DC}.Debug|Any CPU.ActiveCfg = Debug|Any CPU
		{2D7DC687-33DF-4637-8C39-15379CCBA8DC}.Debug|Any CPU.Build.0 = Debug|Any CPU
		{2D7DC687-33DF-4637-8C39-15379CCBA8DC}.Release|Any CPU.ActiveCfg = Release|Any CPU
		{2D7DC687-33DF-4637-8C39-15379CCBA8DC}.Release|Any CPU.Build.0 = Release|Any CPU
	EndGlobalSection
	GlobalSection(SolutionProperties) = preSolution
		HideSolutionNode = FALSE
	EndGlobalSection
	GlobalSection(ExtensibilityGlobals) = postSolution
		SolutionGuid = {B8A471AA-CDC8-466C-B9A6-6D1FE29BC10C}
	EndGlobalSection
EndGlobal
